
Microsoft Visual Studio Solution File, Format Version 12.00
# Visual Studio Version 18
VisualStudioVersion = 18.0.11217.181
MinimumVisualStudioVersion = 10.0.40219.1
Project("{2150E333-8FDC-42A3-9474-1A3956D46DE8}") = "Shared", "Shared", "{DDA5240E-D98D-46C2-A5F1-2A2E500F36D6}"
EndProject
Project("{2150E333-8FDC-42A3-9474-1A3956D46DE8}") = "ReverseProxy", "ReverseProxy", "{CE392D0A-4F87-4820-A28B-981421F08C35}"
EndProject
Project("{2150E333-8FDC-42A3-9474-1A3956D46DE8}") = "Solution Items", "Solution Items", "{8E7A2034-660E-44F6-870D-F0CD1CF9DB4E}"
	ProjectSection(SolutionItems) = preProject
		.editorconfig = .editorconfig
		.gitignore = .gitignore
		.github\copilot-instructions.md = .github\copilot-instructions.md
		delete-tables.sql = delete-tables.sql
		Directory.Packages.props = Directory.Packages.props
		docker-compose.Development.Infrastructure.yaml = docker-compose.Development.Infrastructure.yaml
		postgres-init.sql = postgres-init.sql
		README.md = README.md
	EndProjectSection
EndProject
Project("{2150E333-8FDC-42A3-9474-1A3956D46DE8}") = "Testing", "Testing", "{8769BF17-9FEC-492C-94E6-E906EA96C6E9}"
EndProject
Project("{2150E333-8FDC-42A3-9474-1A3956D46DE8}") = "src", "src", "{DF247757-C88D-4BD6-9946-FDEAC84BF886}"
EndProject
Project("{2150E333-8FDC-42A3-9474-1A3956D46DE8}") = "src", "src", "{15DCCDF8-690A-4E9E-A8CD-AEDF2A2E0C6A}"
EndProject
Project("{9A19103F-16F7-4668-BE54-9A1E7A4F7556}") = "EShop.Testing.IntegrationTest", "Testing\src\EShop.Testing.IntegrationTest\EShop.Testing.IntegrationTest.csproj", "{C86F7CEB-5E27-4B67-BAF9-934B07338398}"
EndProject
Project("{9A19103F-16F7-4668-BE54-9A1E7A4F7556}") = "EShop.Shared.Contracts", "Shared\src\EShop.Shared.Contracts\EShop.Shared.Contracts.csproj", "{00692ABB-CB59-4E4B-A40B-7EA92AFD21A9}"
EndProject
Project("{9A19103F-16F7-4668-BE54-9A1E7A4F7556}") = "EShop.Shared.Scoping", "Shared\src\EShop.Shared.Scoping\EShop.Shared.Scoping.csproj", "{F152D96A-63F2-418F-AB6C-13AA78EEB8E2}"
EndProject
Project("{2150E333-8FDC-42A3-9474-1A3956D46DE8}") = "src", "src", "{EC3BE313-F5F4-48E6-B4E7-A01F33861EED}"
EndProject
Project("{2150E333-8FDC-42A3-9474-1A3956D46DE8}") = "tests", "tests", "{415EEC7E-EE06-440E-BA34-3291435A7585}"
EndProject
Project("{9A19103F-16F7-4668-BE54-9A1E7A4F7556}") = "EShop.Shared.JsonApi", "Shared\src\EShop.Shared.JsonApi\EShop.Shared.JsonApi.csproj", "{71565DCA-80D8-406E-8002-5DF710858015}"
EndProject
Project("{9A19103F-16F7-4668-BE54-9A1E7A4F7556}") = "EShop.Shared.Cache", "Shared\src\EShop.Shared.Cache\EShop.Shared.Cache.csproj", "{F7472776-89AF-480D-B7DF-D820B1C5FC96}"
EndProject
Project("{9A19103F-16F7-4668-BE54-9A1E7A4F7556}") = "EShop.Shared.DbResourceAccessControl", "Shared\src\EShop.Shared.DbResourceAccessControl\EShop.Shared.DbResourceAccessControl.csproj", "{69CA6CF8-9D98-489E-AB72-2BCD3631C36E}"
EndProject
Project("{9A19103F-16F7-4668-BE54-9A1E7A4F7556}") = "EShop.Shared.Diagnostics", "Shared\src\EShop.Shared.Diagnostics\EShop.Shared.Diagnostics.csproj", "{8B702549-4DF6-4D90-BCFA-12484DAF8A85}"
EndProject
Project("{9A19103F-16F7-4668-BE54-9A1E7A4F7556}") = "EShop.Testing.JsonApiApplication", "Testing\src\EShop.Testing.JsonApiApplication\EShop.Testing.JsonApiApplication.csproj", "{340F0CA0-F88F-4E71-8818-10473DBD99F0}"
EndProject
Project("{9A19103F-16F7-4668-BE54-9A1E7A4F7556}") = "EShop.Shared.DomainTools", "Shared\src\EShop.Shared.DomainTools\EShop.Shared.DomainTools.csproj", "{5A7151EF-8153-4AD4-92DE-E8AD6434E37C}"
EndProject
Project("{2150E333-8FDC-42A3-9474-1A3956D46DE8}") = "Tenancy", "Tenancy", "{6A519511-12E4-4E57-822C-4F4FDBF28449}"
EndProject
Project("{2150E333-8FDC-42A3-9474-1A3956D46DE8}") = "src", "src", "{9542A4A4-93A2-4312-A8DF-847686EFBF7E}"
EndProject
Project("{2150E333-8FDC-42A3-9474-1A3956D46DE8}") = "tests", "tests", "{8BBFDBAB-6497-4B10-A539-A17ACA855A86}"
EndProject
Project("{9A19103F-16F7-4668-BE54-9A1E7A4F7556}") = "EShop.Tenancy.Domain", "Tenancy\src\EShop.Tenancy.Domain\EShop.Tenancy.Domain.csproj", "{D967E296-16A1-4770-835B-D572829034E1}"
EndProject
Project("{9A19103F-16F7-4668-BE54-9A1E7A4F7556}") = "EShop.Tenancy.Application", "Tenancy\src\EShop.Tenancy.Application\EShop.Tenancy.Application.csproj", "{96401F3D-83E2-4EC7-B0F1-78D1A1065EE5}"
EndProject
Project("{9A19103F-16F7-4668-BE54-9A1E7A4F7556}") = "EShop.Tenancy.Persistence", "Tenancy\src\EShop.Tenancy.Persistence\EShop.Tenancy.Persistence.csproj", "{F2787403-B70D-4EFF-989F-F4788A5798D3}"
EndProject
Project("{9A19103F-16F7-4668-BE54-9A1E7A4F7556}") = "EShop.Tenancy.Infrastructure", "Tenancy\src\EShop.Tenancy.Infrastructure\EShop.Tenancy.Infrastructure.csproj", "{EF3BFD27-5A31-44B0-8AB4-82EFAF799442}"
EndProject
Project("{9A19103F-16F7-4668-BE54-9A1E7A4F7556}") = "EShop.Tenancy.Presentation", "Tenancy\src\EShop.Tenancy.Presentation\EShop.Tenancy.Presentation.csproj", "{EB8FBB79-2784-46ED-AEAA-C5D9E6143E56}"
EndProject
Project("{9A19103F-16F7-4668-BE54-9A1E7A4F7556}") = "EShop.Tenancy.API", "Tenancy\src\EShop.Tenancy.API\EShop.Tenancy.API.csproj", "{F5E4F8C1-EF38-4E69-A8C1-E5B9E4560CF0}"
EndProject
Project("{9A19103F-16F7-4668-BE54-9A1E7A4F7556}") = "EShop.Shared.HealthChecks", "Shared\src\EShop.Shared.HealthChecks\EShop.Shared.HealthChecks.csproj", "{47254B1A-F2BC-4CCE-8502-EA4B59270598}"
EndProject
Project("{FAE04EC0-301F-11D3-BF4B-00C04F79EFBC}") = "EShop.Shared.EventBus", "Shared\src\EShop.Shared.EventBus\EShop.Shared.EventBus.csproj", "{AE4051D3-07A5-4A8B-A1F5-16D4DAE6AB64}"
EndProject
Project("{FAE04EC0-301F-11D3-BF4B-00C04F79EFBC}") = "EShop.Shared.Sequences", "Shared\src\EShop.Shared.Sequences\EShop.Shared.Sequences.csproj", "{69A3524F-E95A-43FD-ABEA-3BA8753B7C63}"
EndProject
Project("{FAE04EC0-301F-11D3-BF4B-00C04F79EFBC}") = "EShop.Shared.CQRS", "Shared\src\EShop.Shared.CQRS\EShop.Shared.CQRS.csproj", "{9122D131-B234-4C13-89AC-F6237C344266}"
EndProject
Project("{2150E333-8FDC-42A3-9474-1A3956D46DE8}") = "Catalog", "Catalog", "{50761A8C-3A0B-6B1B-86AD-17AC9E1B806D}"
EndProject
Project("{2150E333-8FDC-42A3-9474-1A3956D46DE8}") = "src", "src", "{D0916B7D-F7B6-7D7C-08CD-3AA4546D8309}"
EndProject
Project("{FAE04EC0-301F-11D3-BF4B-00C04F79EFBC}") = "EShop.Catalog.Application", "Catalog\src\EShop.Catalog.Application\EShop.Catalog.Application.csproj", "{9139D58E-2A3C-4865-8E8E-D5D2C03E7826}"
EndProject
Project("{2150E333-8FDC-42A3-9474-1A3956D46DE8}") = "tests", "tests", "{53585997-BAD8-123F-4C15-056B52BC11E2}"
EndProject
Project("{FAE04EC0-301F-11D3-BF4B-00C04F79EFBC}") = "EShop.Catalog.Tests", "Catalog\tests\EShop.Catalog.Tests\EShop.Catalog.Tests.csproj", "{539C8A5B-E596-4DEE-9E7F-FBEB041F72CC}"
EndProject
Project("{FAE04EC0-301F-11D3-BF4B-00C04F79EFBC}") = "EShop.ApiGateway", "ReverseProxy\src\EShop.ApiGateway\EShop.ApiGateway.csproj", "{053EF4C6-96D9-494B-A5EE-534BD165B739}"
EndProject
Project("{2150E333-8FDC-42A3-9474-1A3956D46DE8}") = "Authorization", "Authorization", "{278F3FFB-8C21-435B-507F-61B78986A400}"
EndProject
Project("{2150E333-8FDC-42A3-9474-1A3956D46DE8}") = "src", "src", "{9EA3DC81-E26A-677F-6A25-3A91573DF4FE}"
EndProject
Project("{2150E333-8FDC-42A3-9474-1A3956D46DE8}") = "tests", "tests", "{D11E9DF2-61F9-E609-E1CF-D3A636A82075}"
EndProject
Project("{FAE04EC0-301F-11D3-BF4B-00C04F79EFBC}") = "EShop.Authorization.Domain", "Authorization\src\EShop.Authorization.Domain\EShop.Authorization.Domain.csproj", "{13BCB4E9-47E7-4ABB-A03A-0496202BF78F}"
EndProject
Project("{FAE04EC0-301F-11D3-BF4B-00C04F79EFBC}") = "EShop.Authorization.Tests", "Authorization\tests\EShop.Authorization.Tests\EShop.Authorization.Tests.csproj", "{B6971880-0693-4405-A2CE-2B3A9B356D6C}"
EndProject
Project("{FAE04EC0-301F-11D3-BF4B-00C04F79EFBC}") = "EShop.Authorization.Infrastructure", "Authorization\src\EShop.Authorization.Infrastructure\EShop.Authorization.Infrastructure.csproj", "{84C7492B-46F6-478E-8C3B-BC2B296D6C2D}"
EndProject
Project("{FAE04EC0-301F-11D3-BF4B-00C04F79EFBC}") = "EShop.Authorization.API", "Authorization\src\EShop.Authorization.API\EShop.Authorization.API.csproj", "{001AA244-70F0-4530-9C04-2F03CBEB9BF8}"
EndProject
Project("{FAE04EC0-301F-11D3-BF4B-00C04F79EFBC}") = "EShop.Authorization.Application", "Authorization\src\EShop.Authorization.Application\EShop.Authorization.Application.csproj", "{8EA2945D-6008-4695-BBBA-08B904B4DDA0}"
EndProject
Project("{FAE04EC0-301F-11D3-BF4B-00C04F79EFBC}") = "EShop.Shared.Authentication", "Shared\src\EShop.Shared.Authentication\EShop.Shared.Authentication.csproj", "{16AF590E-1687-4E0E-BA15-51F333E3BE11}"
EndProject
Project("{FAE04EC0-301F-11D3-BF4B-00C04F79EFBC}") = "EShop.Tenancy.Tests", "Tenancy\tests\EShop.Tenancy.Tests\EShop.Tenancy.Tests.csproj", "{8E18FB73-87D0-47EA-A4F0-19390752B4DC}"
EndProject
Project("{FAE04EC0-301F-11D3-BF4B-00C04F79EFBC}") = "EShop.Catalog.SyncService.MongoDb", "Catalog\src\EShop.Catalog.SyncService.MongoDb\EShop.Catalog.SyncService.MongoDb.csproj", "{6FCACC09-EA30-4C30-9E2F-C2F079A21B3D}"
EndProject
Global
	GlobalSection(SolutionConfigurationPlatforms) = preSolution
		Debug|Any CPU = Debug|Any CPU
		Release|Any CPU = Release|Any CPU
	EndGlobalSection
	GlobalSection(ProjectConfigurationPlatforms) = postSolution
		{C86F7CEB-5E27-4B67-BAF9-934B07338398}.Debug|Any CPU.ActiveCfg = Debug|Any CPU
		{C86F7CEB-5E27-4B67-BAF9-934B07338398}.Debug|Any CPU.Build.0 = Debug|Any CPU
		{C86F7CEB-5E27-4B67-BAF9-934B07338398}.Release|Any CPU.ActiveCfg = Release|Any CPU
		{C86F7CEB-5E27-4B67-BAF9-934B07338398}.Release|Any CPU.Build.0 = Release|Any CPU
		{00692ABB-CB59-4E4B-A40B-7EA92AFD21A9}.Debug|Any CPU.ActiveCfg = Debug|Any CPU
		{00692ABB-CB59-4E4B-A40B-7EA92AFD21A9}.Debug|Any CPU.Build.0 = Debug|Any CPU
		{00692ABB-CB59-4E4B-A40B-7EA92AFD21A9}.Release|Any CPU.ActiveCfg = Release|Any CPU
		{00692ABB-CB59-4E4B-A40B-7EA92AFD21A9}.Release|Any CPU.Build.0 = Release|Any CPU
		{F152D96A-63F2-418F-AB6C-13AA78EEB8E2}.Debug|Any CPU.ActiveCfg = Debug|Any CPU
		{F152D96A-63F2-418F-AB6C-13AA78EEB8E2}.Debug|Any CPU.Build.0 = Debug|Any CPU
		{F152D96A-63F2-418F-AB6C-13AA78EEB8E2}.Release|Any CPU.ActiveCfg = Release|Any CPU
		{F152D96A-63F2-418F-AB6C-13AA78EEB8E2}.Release|Any CPU.Build.0 = Release|Any CPU
		{71565DCA-80D8-406E-8002-5DF710858015}.Debug|Any CPU.ActiveCfg = Debug|Any CPU
		{71565DCA-80D8-406E-8002-5DF710858015}.Debug|Any CPU.Build.0 = Debug|Any CPU
		{71565DCA-80D8-406E-8002-5DF710858015}.Release|Any CPU.ActiveCfg = Release|Any CPU
		{71565DCA-80D8-406E-8002-5DF710858015}.Release|Any CPU.Build.0 = Release|Any CPU
		{F7472776-89AF-480D-B7DF-D820B1C5FC96}.Debug|Any CPU.ActiveCfg = Debug|Any CPU
		{F7472776-89AF-480D-B7DF-D820B1C5FC96}.Debug|Any CPU.Build.0 = Debug|Any CPU
		{F7472776-89AF-480D-B7DF-D820B1C5FC96}.Release|Any CPU.ActiveCfg = Release|Any CPU
		{F7472776-89AF-480D-B7DF-D820B1C5FC96}.Release|Any CPU.Build.0 = Release|Any CPU
		{69CA6CF8-9D98-489E-AB72-2BCD3631C36E}.Debug|Any CPU.ActiveCfg = Debug|Any CPU
		{69CA6CF8-9D98-489E-AB72-2BCD3631C36E}.Debug|Any CPU.Build.0 = Debug|Any CPU
		{69CA6CF8-9D98-489E-AB72-2BCD3631C36E}.Release|Any CPU.ActiveCfg = Release|Any CPU
		{69CA6CF8-9D98-489E-AB72-2BCD3631C36E}.Release|Any CPU.Build.0 = Release|Any CPU
		{8B702549-4DF6-4D90-BCFA-12484DAF8A85}.Debug|Any CPU.ActiveCfg = Debug|Any CPU
		{8B702549-4DF6-4D90-BCFA-12484DAF8A85}.Debug|Any CPU.Build.0 = Debug|Any CPU
		{8B702549-4DF6-4D90-BCFA-12484DAF8A85}.Release|Any CPU.ActiveCfg = Release|Any CPU
		{8B702549-4DF6-4D90-BCFA-12484DAF8A85}.Release|Any CPU.Build.0 = Release|Any CPU
		{340F0CA0-F88F-4E71-8818-10473DBD99F0}.Debug|Any CPU.ActiveCfg = Debug|Any CPU
		{340F0CA0-F88F-4E71-8818-10473DBD99F0}.Debug|Any CPU.Build.0 = Debug|Any CPU
		{340F0CA0-F88F-4E71-8818-10473DBD99F0}.Release|Any CPU.ActiveCfg = Release|Any CPU
		{340F0CA0-F88F-4E71-8818-10473DBD99F0}.Release|Any CPU.Build.0 = Release|Any CPU
		{5A7151EF-8153-4AD4-92DE-E8AD6434E37C}.Debug|Any CPU.ActiveCfg = Debug|Any CPU
		{5A7151EF-8153-4AD4-92DE-E8AD6434E37C}.Debug|Any CPU.Build.0 = Debug|Any CPU
		{5A7151EF-8153-4AD4-92DE-E8AD6434E37C}.Release|Any CPU.ActiveCfg = Release|Any CPU
		{5A7151EF-8153-4AD4-92DE-E8AD6434E37C}.Release|Any CPU.Build.0 = Release|Any CPU
		{D967E296-16A1-4770-835B-D572829034E1}.Debug|Any CPU.ActiveCfg = Debug|Any CPU
		{D967E296-16A1-4770-835B-D572829034E1}.Debug|Any CPU.Build.0 = Debug|Any CPU
		{D967E296-16A1-4770-835B-D572829034E1}.Release|Any CPU.ActiveCfg = Release|Any CPU
		{D967E296-16A1-4770-835B-D572829034E1}.Release|Any CPU.Build.0 = Release|Any CPU
		{96401F3D-83E2-4EC7-B0F1-78D1A1065EE5}.Debug|Any CPU.ActiveCfg = Debug|Any CPU
		{96401F3D-83E2-4EC7-B0F1-78D1A1065EE5}.Debug|Any CPU.Build.0 = Debug|Any CPU
		{96401F3D-83E2-4EC7-B0F1-78D1A1065EE5}.Release|Any CPU.ActiveCfg = Release|Any CPU
		{96401F3D-83E2-4EC7-B0F1-78D1A1065EE5}.Release|Any CPU.Build.0 = Release|Any CPU
		{F2787403-B70D-4EFF-989F-F4788A5798D3}.Debug|Any CPU.ActiveCfg = Debug|Any CPU
		{F2787403-B70D-4EFF-989F-F4788A5798D3}.Debug|Any CPU.Build.0 = Debug|Any CPU
		{F2787403-B70D-4EFF-989F-F4788A5798D3}.Release|Any CPU.ActiveCfg = Release|Any CPU
		{F2787403-B70D-4EFF-989F-F4788A5798D3}.Release|Any CPU.Build.0 = Release|Any CPU
		{EF3BFD27-5A31-44B0-8AB4-82EFAF799442}.Debug|Any CPU.ActiveCfg = Debug|Any CPU
		{EF3BFD27-5A31-44B0-8AB4-82EFAF799442}.Debug|Any CPU.Build.0 = Debug|Any CPU
		{EF3BFD27-5A31-44B0-8AB4-82EFAF799442}.Release|Any CPU.ActiveCfg = Release|Any CPU
		{EF3BFD27-5A31-44B0-8AB4-82EFAF799442}.Release|Any CPU.Build.0 = Release|Any CPU
		{EB8FBB79-2784-46ED-AEAA-C5D9E6143E56}.Debug|Any CPU.ActiveCfg = Debug|Any CPU
		{EB8FBB79-2784-46ED-AEAA-C5D9E6143E56}.Debug|Any CPU.Build.0 = Debug|Any CPU
		{EB8FBB79-2784-46ED-AEAA-C5D9E6143E56}.Release|Any CPU.ActiveCfg = Release|Any CPU
		{EB8FBB79-2784-46ED-AEAA-C5D9E6143E56}.Release|Any CPU.Build.0 = Release|Any CPU
		{F5E4F8C1-EF38-4E69-A8C1-E5B9E4560CF0}.Debug|Any CPU.ActiveCfg = Debug|Any CPU
		{F5E4F8C1-EF38-4E69-A8C1-E5B9E4560CF0}.Debug|Any CPU.Build.0 = Debug|Any CPU
		{F5E4F8C1-EF38-4E69-A8C1-E5B9E4560CF0}.Release|Any CPU.ActiveCfg = Release|Any CPU
		{F5E4F8C1-EF38-4E69-A8C1-E5B9E4560CF0}.Release|Any CPU.Build.0 = Release|Any CPU
		{47254B1A-F2BC-4CCE-8502-EA4B59270598}.Debug|Any CPU.ActiveCfg = Debug|Any CPU
		{47254B1A-F2BC-4CCE-8502-EA4B59270598}.Debug|Any CPU.Build.0 = Debug|Any CPU
		{47254B1A-F2BC-4CCE-8502-EA4B59270598}.Release|Any CPU.ActiveCfg = Release|Any CPU
		{47254B1A-F2BC-4CCE-8502-EA4B59270598}.Release|Any CPU.Build.0 = Release|Any CPU
		{AE4051D3-07A5-4A8B-A1F5-16D4DAE6AB64}.Debug|Any CPU.ActiveCfg = Debug|Any CPU
		{AE4051D3-07A5-4A8B-A1F5-16D4DAE6AB64}.Debug|Any CPU.Build.0 = Debug|Any CPU
		{AE4051D3-07A5-4A8B-A1F5-16D4DAE6AB64}.Release|Any CPU.ActiveCfg = Release|Any CPU
		{AE4051D3-07A5-4A8B-A1F5-16D4DAE6AB64}.Release|Any CPU.Build.0 = Release|Any CPU
		{69A3524F-E95A-43FD-ABEA-3BA8753B7C63}.Debug|Any CPU.ActiveCfg = Debug|Any CPU
		{69A3524F-E95A-43FD-ABEA-3BA8753B7C63}.Debug|Any CPU.Build.0 = Debug|Any CPU
		{69A3524F-E95A-43FD-ABEA-3BA8753B7C63}.Release|Any CPU.ActiveCfg = Release|Any CPU
		{69A3524F-E95A-43FD-ABEA-3BA8753B7C63}.Release|Any CPU.Build.0 = Release|Any CPU
		{9122D131-B234-4C13-89AC-F6237C344266}.Debug|Any CPU.ActiveCfg = Debug|Any CPU
		{9122D131-B234-4C13-89AC-F6237C344266}.Debug|Any CPU.Build.0 = Debug|Any CPU
		{9122D131-B234-4C13-89AC-F6237C344266}.Release|Any CPU.ActiveCfg = Release|Any CPU
		{9122D131-B234-4C13-89AC-F6237C344266}.Release|Any CPU.Build.0 = Release|Any CPU
		{9139D58E-2A3C-4865-8E8E-D5D2C03E7826}.Debug|Any CPU.ActiveCfg = Debug|Any CPU
		{9139D58E-2A3C-4865-8E8E-D5D2C03E7826}.Debug|Any CPU.Build.0 = Debug|Any CPU
		{9139D58E-2A3C-4865-8E8E-D5D2C03E7826}.Release|Any CPU.ActiveCfg = Release|Any CPU
		{9139D58E-2A3C-4865-8E8E-D5D2C03E7826}.Release|Any CPU.Build.0 = Release|Any CPU
		{539C8A5B-E596-4DEE-9E7F-FBEB041F72CC}.Debug|Any CPU.ActiveCfg = Debug|Any CPU
		{539C8A5B-E596-4DEE-9E7F-FBEB041F72CC}.Debug|Any CPU.Build.0 = Debug|Any CPU
		{539C8A5B-E596-4DEE-9E7F-FBEB041F72CC}.Release|Any CPU.ActiveCfg = Release|Any CPU
		{539C8A5B-E596-4DEE-9E7F-FBEB041F72CC}.Release|Any CPU.Build.0 = Release|Any CPU
		{053EF4C6-96D9-494B-A5EE-534BD165B739}.Debug|Any CPU.ActiveCfg = Debug|Any CPU
		{053EF4C6-96D9-494B-A5EE-534BD165B739}.Debug|Any CPU.Build.0 = Debug|Any CPU
		{053EF4C6-96D9-494B-A5EE-534BD165B739}.Release|Any CPU.ActiveCfg = Release|Any CPU
		{053EF4C6-96D9-494B-A5EE-534BD165B739}.Release|Any CPU.Build.0 = Release|Any CPU
		{13BCB4E9-47E7-4ABB-A03A-0496202BF78F}.Debug|Any CPU.ActiveCfg = Debug|Any CPU
		{13BCB4E9-47E7-4ABB-A03A-0496202BF78F}.Debug|Any CPU.Build.0 = Debug|Any CPU
		{13BCB4E9-47E7-4ABB-A03A-0496202BF78F}.Release|Any CPU.ActiveCfg = Release|Any CPU
		{13BCB4E9-47E7-4ABB-A03A-0496202BF78F}.Release|Any CPU.Build.0 = Release|Any CPU
		{B6971880-0693-4405-A2CE-2B3A9B356D6C}.Debug|Any CPU.ActiveCfg = Debug|Any CPU
		{B6971880-0693-4405-A2CE-2B3A9B356D6C}.Debug|Any CPU.Build.0 = Debug|Any CPU
		{B6971880-0693-4405-A2CE-2B3A9B356D6C}.Release|Any CPU.ActiveCfg = Release|Any CPU
		{B6971880-0693-4405-A2CE-2B3A9B356D6C}.Release|Any CPU.Build.0 = Release|Any CPU
		{84C7492B-46F6-478E-8C3B-BC2B296D6C2D}.Debug|Any CPU.ActiveCfg = Debug|Any CPU
		{84C7492B-46F6-478E-8C3B-BC2B296D6C2D}.Debug|Any CPU.Build.0 = Debug|Any CPU
		{84C7492B-46F6-478E-8C3B-BC2B296D6C2D}.Release|Any CPU.ActiveCfg = Release|Any CPU
		{84C7492B-46F6-478E-8C3B-BC2B296D6C2D}.Release|Any CPU.Build.0 = Release|Any CPU
		{001AA244-70F0-4530-9C04-2F03CBEB9BF8}.Debug|Any CPU.ActiveCfg = Debug|Any CPU
		{001AA244-70F0-4530-9C04-2F03CBEB9BF8}.Debug|Any CPU.Build.0 = Debug|Any CPU
		{001AA244-70F0-4530-9C04-2F03CBEB9BF8}.Release|Any CPU.ActiveCfg = Release|Any CPU
		{001AA244-70F0-4530-9C04-2F03CBEB9BF8}.Release|Any CPU.Build.0 = Release|Any CPU
		{8EA2945D-6008-4695-BBBA-08B904B4DDA0}.Debug|Any CPU.ActiveCfg = Debug|Any CPU
		{8EA2945D-6008-4695-BBBA-08B904B4DDA0}.Debug|Any CPU.Build.0 = Debug|Any CPU
		{8EA2945D-6008-4695-BBBA-08B904B4DDA0}.Release|Any CPU.ActiveCfg = Release|Any CPU
		{8EA2945D-6008-4695-BBBA-08B904B4DDA0}.Release|Any CPU.Build.0 = Release|Any CPU
		{16AF590E-1687-4E0E-BA15-51F333E3BE11}.Debug|Any CPU.ActiveCfg = Debug|Any CPU
		{16AF590E-1687-4E0E-BA15-51F333E3BE11}.Debug|Any CPU.Build.0 = Debug|Any CPU
		{16AF590E-1687-4E0E-BA15-51F333E3BE11}.Release|Any CPU.ActiveCfg = Release|Any CPU
		{16AF590E-1687-4E0E-BA15-51F333E3BE11}.Release|Any CPU.Build.0 = Release|Any CPU
		{8E18FB73-87D0-47EA-A4F0-19390752B4DC}.Debug|Any CPU.ActiveCfg = Debug|Any CPU
		{8E18FB73-87D0-47EA-A4F0-19390752B4DC}.Debug|Any CPU.Build.0 = Debug|Any CPU
		{8E18FB73-87D0-47EA-A4F0-19390752B4DC}.Release|Any CPU.ActiveCfg = Release|Any CPU
		{8E18FB73-87D0-47EA-A4F0-19390752B4DC}.Release|Any CPU.Build.0 = Release|Any CPU
		{6FCACC09-EA30-4C30-9E2F-C2F079A21B3D}.Debug|Any CPU.ActiveCfg = Debug|Any CPU
		{6FCACC09-EA30-4C30-9E2F-C2F079A21B3D}.Debug|Any CPU.Build.0 = Debug|Any CPU
		{6FCACC09-EA30-4C30-9E2F-C2F079A21B3D}.Release|Any CPU.ActiveCfg = Release|Any CPU
		{6FCACC09-EA30-4C30-9E2F-C2F079A21B3D}.Release|Any CPU.Build.0 = Release|Any CPU
	EndGlobalSection
	GlobalSection(SolutionProperties) = preSolution
		HideSolutionNode = FALSE
	EndGlobalSection
	GlobalSection(NestedProjects) = preSolution
		{DF247757-C88D-4BD6-9946-FDEAC84BF886} = {DDA5240E-D98D-46C2-A5F1-2A2E500F36D6}
		{15DCCDF8-690A-4E9E-A8CD-AEDF2A2E0C6A} = {8769BF17-9FEC-492C-94E6-E906EA96C6E9}
		{C86F7CEB-5E27-4B67-BAF9-934B07338398} = {15DCCDF8-690A-4E9E-A8CD-AEDF2A2E0C6A}
		{00692ABB-CB59-4E4B-A40B-7EA92AFD21A9} = {DF247757-C88D-4BD6-9946-FDEAC84BF886}
		{F152D96A-63F2-418F-AB6C-13AA78EEB8E2} = {DF247757-C88D-4BD6-9946-FDEAC84BF886}
		{EC3BE313-F5F4-48E6-B4E7-A01F33861EED} = {CE392D0A-4F87-4820-A28B-981421F08C35}
		{415EEC7E-EE06-440E-BA34-3291435A7585} = {CE392D0A-4F87-4820-A28B-981421F08C35}
		{71565DCA-80D8-406E-8002-5DF710858015} = {DF247757-C88D-4BD6-9946-FDEAC84BF886}
		{F7472776-89AF-480D-B7DF-D820B1C5FC96} = {DF247757-C88D-4BD6-9946-FDEAC84BF886}
		{69CA6CF8-9D98-489E-AB72-2BCD3631C36E} = {DF247757-C88D-4BD6-9946-FDEAC84BF886}
		{8B702549-4DF6-4D90-BCFA-12484DAF8A85} = {DF247757-C88D-4BD6-9946-FDEAC84BF886}
		{340F0CA0-F88F-4E71-8818-10473DBD99F0} = {15DCCDF8-690A-4E9E-A8CD-AEDF2A2E0C6A}
		{5A7151EF-8153-4AD4-92DE-E8AD6434E37C} = {DF247757-C88D-4BD6-9946-FDEAC84BF886}
		{9542A4A4-93A2-4312-A8DF-847686EFBF7E} = {6A519511-12E4-4E57-822C-4F4FDBF28449}
		{8BBFDBAB-6497-4B10-A539-A17ACA855A86} = {6A519511-12E4-4E57-822C-4F4FDBF28449}
		{D967E296-16A1-4770-835B-D572829034E1} = {9542A4A4-93A2-4312-A8DF-847686EFBF7E}
		{96401F3D-83E2-4EC7-B0F1-78D1A1065EE5} = {9542A4A4-93A2-4312-A8DF-847686EFBF7E}
		{F2787403-B70D-4EFF-989F-F4788A5798D3} = {9542A4A4-93A2-4312-A8DF-847686EFBF7E}
		{EF3BFD27-5A31-44B0-8AB4-82EFAF799442} = {9542A4A4-93A2-4312-A8DF-847686EFBF7E}
		{EB8FBB79-2784-46ED-AEAA-C5D9E6143E56} = {9542A4A4-93A2-4312-A8DF-847686EFBF7E}
		{F5E4F8C1-EF38-4E69-A8C1-E5B9E4560CF0} = {9542A4A4-93A2-4312-A8DF-847686EFBF7E}
		{47254B1A-F2BC-4CCE-8502-EA4B59270598} = {DF247757-C88D-4BD6-9946-FDEAC84BF886}
		{AE4051D3-07A5-4A8B-A1F5-16D4DAE6AB64} = {DF247757-C88D-4BD6-9946-FDEAC84BF886}
		{69A3524F-E95A-43FD-ABEA-3BA8753B7C63} = {DF247757-C88D-4BD6-9946-FDEAC84BF886}
		{9122D131-B234-4C13-89AC-F6237C344266} = {DF247757-C88D-4BD6-9946-FDEAC84BF886}
		{D0916B7D-F7B6-7D7C-08CD-3AA4546D8309} = {50761A8C-3A0B-6B1B-86AD-17AC9E1B806D}
		{9139D58E-2A3C-4865-8E8E-D5D2C03E7826} = {D0916B7D-F7B6-7D7C-08CD-3AA4546D8309}
		{53585997-BAD8-123F-4C15-056B52BC11E2} = {50761A8C-3A0B-6B1B-86AD-17AC9E1B806D}
		{539C8A5B-E596-4DEE-9E7F-FBEB041F72CC} = {53585997-BAD8-123F-4C15-056B52BC11E2}
		{053EF4C6-96D9-494B-A5EE-534BD165B739} = {EC3BE313-F5F4-48E6-B4E7-A01F33861EED}
		{9EA3DC81-E26A-677F-6A25-3A91573DF4FE} = {278F3FFB-8C21-435B-507F-61B78986A400}
		{D11E9DF2-61F9-E609-E1CF-D3A636A82075} = {278F3FFB-8C21-435B-507F-61B78986A400}
		{13BCB4E9-47E7-4ABB-A03A-0496202BF78F} = {9EA3DC81-E26A-677F-6A25-3A91573DF4FE}
		{B6971880-0693-4405-A2CE-2B3A9B356D6C} = {D11E9DF2-61F9-E609-E1CF-D3A636A82075}
		{84C7492B-46F6-478E-8C3B-BC2B296D6C2D} = {9EA3DC81-E26A-677F-6A25-3A91573DF4FE}
		{001AA244-70F0-4530-9C04-2F03CBEB9BF8} = {9EA3DC81-E26A-677F-6A25-3A91573DF4FE}
		{8EA2945D-6008-4695-BBBA-08B904B4DDA0} = {9EA3DC81-E26A-677F-6A25-3A91573DF4FE}
		{16AF590E-1687-4E0E-BA15-51F333E3BE11} = {DF247757-C88D-4BD6-9946-FDEAC84BF886}
		{8E18FB73-87D0-47EA-A4F0-19390752B4DC} = {8BBFDBAB-6497-4B10-A539-A17ACA855A86}
		{6FCACC09-EA30-4C30-9E2F-C2F079A21B3D} = {D0916B7D-F7B6-7D7C-08CD-3AA4546D8309}
	EndGlobalSection
	GlobalSection(ExtensibilityGlobals) = postSolution
		SolutionGuid = {BB890EFB-EE36-4A0E-A948-F28A53D375E6}
	EndGlobalSection
EndGlobal
