
Microsoft Visual Studio Solution File, Format Version 12.00
# Visual Studio Version 17
VisualStudioVersion = 17.8.34525.116
MinimumVisualStudioVersion = 10.0.40219.1
Project("{2150E333-8FDC-42A3-9474-1A3956D46DE8}") = "Services", "Services", "{5D7CEF40-70F0-4A48-AA53-47A51A856B0F}"
EndProject
Project("{2150E333-8FDC-42A3-9474-1A3956D46DE8}") = "Shared", "Shared", "{DDA5240E-D98D-46C2-A5F1-2A2E500F36D6}"
EndProject
Project("{2150E333-8FDC-42A3-9474-1A3956D46DE8}") = "ReverseProxy", "ReverseProxy", "{CE392D0A-4F87-4820-A28B-981421F08C35}"
EndProject
Project("{2150E333-8FDC-42A3-9474-1A3956D46DE8}") = "Identity", "Identity", "{4FCC770F-708D-400D-A3D5-CA5FCBAB2F22}"
EndProject
Project("{2150E333-8FDC-42A3-9474-1A3956D46DE8}") = "Catalog", "Catalog", "{7AEDAAB6-B503-463C-A5CA-4D209D1B1F91}"
EndProject
Project("{2150E333-8FDC-42A3-9474-1A3956D46DE8}") = "ShoppingCart", "ShoppingCart", "{A30944C1-B6A9-42D8-8E0F-2AAD7C267EC3}"
EndProject
Project("{2150E333-8FDC-42A3-9474-1A3956D46DE8}") = "Order", "Order", "{CA701EBB-8891-402E-BAD7-5C18D5FB0C8C}"
EndProject
Project("{2150E333-8FDC-42A3-9474-1A3956D46DE8}") = "Account", "Account", "{69381A80-BD7B-4BED-89D1-B3930A3C7D93}"
EndProject
Project("{9A19103F-16F7-4668-BE54-9A1E7A4F7556}") = "EShop.Shared.Scoping", "Shared\EShop.Shared.Scoping\EShop.Shared.Scoping.csproj", "{1FEF2794-44D2-406A-9E19-37274E489F97}"
EndProject
Project("{FAE04EC0-301F-11D3-BF4B-00C04F79EFBC}") = "EShop.Shared.Contract", "Shared\EShop.Shared.Contract\EShop.Shared.Contract.csproj", "{D569000F-ECA7-44CB-9E8A-454D992C675D}"
EndProject
Project("{2150E333-8FDC-42A3-9474-1A3956D46DE8}") = "src", "src", "{81674BE1-C3CA-46EF-BAA3-3260E7DD9DE9}"
EndProject
Project("{2150E333-8FDC-42A3-9474-1A3956D46DE8}") = "test", "test", "{3CE87442-CCCB-4454-B58C-74EF9D59759F}"
EndProject
Project("{FAE04EC0-301F-11D3-BF4B-00C04F79EFBC}") = "Identity.API", "Services\Identity\src\Identity.API\Identity.API.csproj", "{27CA081E-3223-47DD-BA69-F099B9D9EAE8}"
EndProject
Project("{FAE04EC0-301F-11D3-BF4B-00C04F79EFBC}") = "Identity.Domain", "Services\Identity\src\Identity.Domain\Identity.Domain.csproj", "{38CC2894-98BF-462C-B506-496E36963BD7}"
EndProject
Project("{FAE04EC0-301F-11D3-BF4B-00C04F79EFBC}") = "Identity.MessageBus", "Services\Identity\src\Identity.MessageBus\Identity.MessageBus.csproj", "{5F19512A-BFED-46DE-8899-5762B616FDA4}"
EndProject
Project("{FAE04EC0-301F-11D3-BF4B-00C04F79EFBC}") = "Identity.Application", "Services\Identity\src\Identity.Application\Identity.Application.csproj", "{29AB0722-D1DD-4680-94CA-EA5DF3E4C63C}"
EndProject
Project("{FAE04EC0-301F-11D3-BF4B-00C04F79EFBC}") = "Identity.EventStore", "Services\Identity\src\Identity.EventStore\Identity.EventStore.csproj", "{E8E5F830-2E06-4AF9-9E54-1E87D4C2437B}"
EndProject
Project("{FAE04EC0-301F-11D3-BF4B-00C04F79EFBC}") = "EShop.Shared.Cache", "Shared\EShop.Shared.Cache\EShop.Shared.Cache.csproj", "{6CBCA471-4484-4F69-9553-A8077D4AA7C0}"
EndProject
Global
	GlobalSection(SolutionConfigurationPlatforms) = preSolution
		Debug|Any CPU = Debug|Any CPU
		Release|Any CPU = Release|Any CPU
	EndGlobalSection
	GlobalSection(ProjectConfigurationPlatforms) = postSolution
		{1FEF2794-44D2-406A-9E19-37274E489F97}.Debug|Any CPU.ActiveCfg = Debug|Any CPU
		{1FEF2794-44D2-406A-9E19-37274E489F97}.Debug|Any CPU.Build.0 = Debug|Any CPU
		{1FEF2794-44D2-406A-9E19-37274E489F97}.Release|Any CPU.ActiveCfg = Release|Any CPU
		{1FEF2794-44D2-406A-9E19-37274E489F97}.Release|Any CPU.Build.0 = Release|Any CPU
		{D569000F-ECA7-44CB-9E8A-454D992C675D}.Debug|Any CPU.ActiveCfg = Debug|Any CPU
		{D569000F-ECA7-44CB-9E8A-454D992C675D}.Debug|Any CPU.Build.0 = Debug|Any CPU
		{D569000F-ECA7-44CB-9E8A-454D992C675D}.Release|Any CPU.ActiveCfg = Release|Any CPU
		{D569000F-ECA7-44CB-9E8A-454D992C675D}.Release|Any CPU.Build.0 = Release|Any CPU
		{27CA081E-3223-47DD-BA69-F099B9D9EAE8}.Debug|Any CPU.ActiveCfg = Debug|Any CPU
		{27CA081E-3223-47DD-BA69-F099B9D9EAE8}.Debug|Any CPU.Build.0 = Debug|Any CPU
		{27CA081E-3223-47DD-BA69-F099B9D9EAE8}.Release|Any CPU.ActiveCfg = Release|Any CPU
		{27CA081E-3223-47DD-BA69-F099B9D9EAE8}.Release|Any CPU.Build.0 = Release|Any CPU
		{38CC2894-98BF-462C-B506-496E36963BD7}.Debug|Any CPU.ActiveCfg = Debug|Any CPU
		{38CC2894-98BF-462C-B506-496E36963BD7}.Debug|Any CPU.Build.0 = Debug|Any CPU
		{38CC2894-98BF-462C-B506-496E36963BD7}.Release|Any CPU.ActiveCfg = Release|Any CPU
		{38CC2894-98BF-462C-B506-496E36963BD7}.Release|Any CPU.Build.0 = Release|Any CPU
		{5F19512A-BFED-46DE-8899-5762B616FDA4}.Debug|Any CPU.ActiveCfg = Debug|Any CPU
		{5F19512A-BFED-46DE-8899-5762B616FDA4}.Debug|Any CPU.Build.0 = Debug|Any CPU
		{5F19512A-BFED-46DE-8899-5762B616FDA4}.Release|Any CPU.ActiveCfg = Release|Any CPU
		{5F19512A-BFED-46DE-8899-5762B616FDA4}.Release|Any CPU.Build.0 = Release|Any CPU
		{29AB0722-D1DD-4680-94CA-EA5DF3E4C63C}.Debug|Any CPU.ActiveCfg = Debug|Any CPU
		{29AB0722-D1DD-4680-94CA-EA5DF3E4C63C}.Debug|Any CPU.Build.0 = Debug|Any CPU
		{29AB0722-D1DD-4680-94CA-EA5DF3E4C63C}.Release|Any CPU.ActiveCfg = Release|Any CPU
		{29AB0722-D1DD-4680-94CA-EA5DF3E4C63C}.Release|Any CPU.Build.0 = Release|Any CPU
		{E8E5F830-2E06-4AF9-9E54-1E87D4C2437B}.Debug|Any CPU.ActiveCfg = Debug|Any CPU
		{E8E5F830-2E06-4AF9-9E54-1E87D4C2437B}.Debug|Any CPU.Build.0 = Debug|Any CPU
		{E8E5F830-2E06-4AF9-9E54-1E87D4C2437B}.Release|Any CPU.ActiveCfg = Release|Any CPU
		{E8E5F830-2E06-4AF9-9E54-1E87D4C2437B}.Release|Any CPU.Build.0 = Release|Any CPU
		{6CBCA471-4484-4F69-9553-A8077D4AA7C0}.Debug|Any CPU.ActiveCfg = Debug|Any CPU
		{6CBCA471-4484-4F69-9553-A8077D4AA7C0}.Debug|Any CPU.Build.0 = Debug|Any CPU
		{6CBCA471-4484-4F69-9553-A8077D4AA7C0}.Release|Any CPU.ActiveCfg = Release|Any CPU
		{6CBCA471-4484-4F69-9553-A8077D4AA7C0}.Release|Any CPU.Build.0 = Release|Any CPU
	EndGlobalSection
	GlobalSection(SolutionProperties) = preSolution
		HideSolutionNode = FALSE
	EndGlobalSection
	GlobalSection(NestedProjects) = preSolution
		{4FCC770F-708D-400D-A3D5-CA5FCBAB2F22} = {5D7CEF40-70F0-4A48-AA53-47A51A856B0F}
		{7AEDAAB6-B503-463C-A5CA-4D209D1B1F91} = {5D7CEF40-70F0-4A48-AA53-47A51A856B0F}
		{A30944C1-B6A9-42D8-8E0F-2AAD7C267EC3} = {5D7CEF40-70F0-4A48-AA53-47A51A856B0F}
		{CA701EBB-8891-402E-BAD7-5C18D5FB0C8C} = {5D7CEF40-70F0-4A48-AA53-47A51A856B0F}
		{69381A80-BD7B-4BED-89D1-B3930A3C7D93} = {5D7CEF40-70F0-4A48-AA53-47A51A856B0F}
		{1FEF2794-44D2-406A-9E19-37274E489F97} = {DDA5240E-D98D-46C2-A5F1-2A2E500F36D6}
		{D569000F-ECA7-44CB-9E8A-454D992C675D} = {DDA5240E-D98D-46C2-A5F1-2A2E500F36D6}
		{81674BE1-C3CA-46EF-BAA3-3260E7DD9DE9} = {4FCC770F-708D-400D-A3D5-CA5FCBAB2F22}
		{3CE87442-CCCB-4454-B58C-74EF9D59759F} = {4FCC770F-708D-400D-A3D5-CA5FCBAB2F22}
		{27CA081E-3223-47DD-BA69-F099B9D9EAE8} = {81674BE1-C3CA-46EF-BAA3-3260E7DD9DE9}
		{38CC2894-98BF-462C-B506-496E36963BD7} = {81674BE1-C3CA-46EF-BAA3-3260E7DD9DE9}
		{5F19512A-BFED-46DE-8899-5762B616FDA4} = {81674BE1-C3CA-46EF-BAA3-3260E7DD9DE9}
		{29AB0722-D1DD-4680-94CA-EA5DF3E4C63C} = {81674BE1-C3CA-46EF-BAA3-3260E7DD9DE9}
		{E8E5F830-2E06-4AF9-9E54-1E87D4C2437B} = {81674BE1-C3CA-46EF-BAA3-3260E7DD9DE9}
		{6CBCA471-4484-4F69-9553-A8077D4AA7C0} = {DDA5240E-D98D-46C2-A5F1-2A2E500F36D6}
	EndGlobalSection
	GlobalSection(ExtensibilityGlobals) = postSolution
		SolutionGuid = {BB890EFB-EE36-4A0E-A948-F28A53D375E6}
	EndGlobalSection
EndGlobal
