
Microsoft Visual Studio Solution File, Format Version 12.00
# Visual Studio Version 17
VisualStudioVersion = 17.8.34525.116
MinimumVisualStudioVersion = 10.0.40219.1
Project("{2150E333-8FDC-42A3-9474-1A3956D46DE8}") = "Shared", "Shared", "{DDA5240E-D98D-46C2-A5F1-2A2E500F36D6}"
EndProject
Project("{2150E333-8FDC-42A3-9474-1A3956D46DE8}") = "ReverseProxy", "ReverseProxy", "{CE392D0A-4F87-4820-A28B-981421F08C35}"
EndProject
Project("{2150E333-8FDC-42A3-9474-1A3956D46DE8}") = "Solution Items", "Solution Items", "{8E7A2034-660E-44F6-870D-F0CD1CF9DB4E}"
	ProjectSection(SolutionItems) = preProject
		.editorconfig = .editorconfig
		.gitignore = .gitignore
		.github\copilot-instructions.md = .github\copilot-instructions.md
		delete-tables.sql = delete-tables.sql
		Directory.Packages.props = Directory.Packages.props
		docker-compose.Dev.Infrastructure.yml = docker-compose.Dev.Infrastructure.yml
		postgres-init.sql = postgres-init.sql
		README.md = README.md
	EndProjectSection
EndProject
Project("{2150E333-8FDC-42A3-9474-1A3956D46DE8}") = "Testing", "Testing", "{8769BF17-9FEC-492C-94E6-E906EA96C6E9}"
EndProject
Project("{2150E333-8FDC-42A3-9474-1A3956D46DE8}") = "src", "src", "{DF247757-C88D-4BD6-9946-FDEAC84BF886}"
EndProject
Project("{2150E333-8FDC-42A3-9474-1A3956D46DE8}") = "tests", "tests", "{26BEF187-867C-4E77-B816-1E8C4F72A414}"
EndProject
Project("{2150E333-8FDC-42A3-9474-1A3956D46DE8}") = "src", "src", "{15DCCDF8-690A-4E9E-A8CD-AEDF2A2E0C6A}"
EndProject
Project("{9A19103F-16F7-4668-BE54-9A1E7A4F7556}") = "EShop.Testing.IntegrationTest", "Testing\src\EShop.Testing.IntegrationTest\EShop.Testing.IntegrationTest.csproj", "{C86F7CEB-5E27-4B67-BAF9-934B07338398}"
EndProject
Project("{9A19103F-16F7-4668-BE54-9A1E7A4F7556}") = "EShop.Shared.Contracts", "Shared\src\EShop.Shared.Contracts\EShop.Shared.Contracts.csproj", "{00692ABB-CB59-4E4B-A40B-7EA92AFD21A9}"
EndProject
Project("{9A19103F-16F7-4668-BE54-9A1E7A4F7556}") = "EShop.Shared.Scoping", "Shared\src\EShop.Shared.Scoping\EShop.Shared.Scoping.csproj", "{F152D96A-63F2-418F-AB6C-13AA78EEB8E2}"
EndProject
Project("{2150E333-8FDC-42A3-9474-1A3956D46DE8}") = "src", "src", "{EC3BE313-F5F4-48E6-B4E7-A01F33861EED}"
EndProject
Project("{2150E333-8FDC-42A3-9474-1A3956D46DE8}") = "tests", "tests", "{415EEC7E-EE06-440E-BA34-3291435A7585}"
EndProject
Project("{2150E333-8FDC-42A3-9474-1A3956D46DE8}") = "Identity", "Identity", "{B467923D-24CB-4A64-A21F-03F8B2384822}"
EndProject
Project("{2150E333-8FDC-42A3-9474-1A3956D46DE8}") = "src", "src", "{60184982-32FB-4E5F-8923-8E7B618B5F26}"
EndProject
Project("{2150E333-8FDC-42A3-9474-1A3956D46DE8}") = "tests", "tests", "{EF8AB2FA-B259-423A-B24A-DC8E7ECA5970}"
EndProject
Project("{9A19103F-16F7-4668-BE54-9A1E7A4F7556}") = "EShop.Identity.API", "Identity\src\EShop.Identity.API\EShop.Identity.API.csproj", "{984ADEF2-E460-427F-85D6-AC2CA90617DD}"
EndProject
Project("{9A19103F-16F7-4668-BE54-9A1E7A4F7556}") = "EShop.Identity.Domain", "Identity\src\EShop.Identity.Domain\EShop.Identity.Domain.csproj", "{30EE48B7-63CF-4A2E-9D2E-D6B9C1AAE809}"
EndProject
Project("{9A19103F-16F7-4668-BE54-9A1E7A4F7556}") = "EShop.Identity.Application", "Identity\src\EShop.Identity.Application\EShop.Identity.Application.csproj", "{853248B6-51ED-4C21-8C60-32A0BE2A8547}"
EndProject
Project("{9A19103F-16F7-4668-BE54-9A1E7A4F7556}") = "EShop.Identity.Persistence", "Identity\src\EShop.Identity.Persistence\EShop.Identity.Persistence.csproj", "{FA58719E-13CD-4743-AB33-00B50EF0AE88}"
EndProject
Project("{9A19103F-16F7-4668-BE54-9A1E7A4F7556}") = "EShop.Identity.Infrastructure", "Identity\src\EShop.Identity.Infrastructure\EShop.Identity.Infrastructure.csproj", "{E7CA7DC8-33E8-4297-96FA-5BE35F429157}"
EndProject
Project("{9A19103F-16F7-4668-BE54-9A1E7A4F7556}") = "EShop.Shared.JsonApi", "Shared\src\EShop.Shared.JsonApi\EShop.Shared.JsonApi.csproj", "{71565DCA-80D8-406E-8002-5DF710858015}"
EndProject
Project("{9A19103F-16F7-4668-BE54-9A1E7A4F7556}") = "EShop.Shared.Cache", "Shared\src\EShop.Shared.Cache\EShop.Shared.Cache.csproj", "{F7472776-89AF-480D-B7DF-D820B1C5FC96}"
EndProject
Project("{9A19103F-16F7-4668-BE54-9A1E7A4F7556}") = "EShop.Shared.DbResourceAccessControl", "Shared\src\EShop.Shared.DbResourceAccessControl\EShop.Shared.DbResourceAccessControl.csproj", "{69CA6CF8-9D98-489E-AB72-2BCD3631C36E}"
EndProject
Project("{9A19103F-16F7-4668-BE54-9A1E7A4F7556}") = "EShop.Shared.Diagnostics", "Shared\src\EShop.Shared.Diagnostics\EShop.Shared.Diagnostics.csproj", "{8B702549-4DF6-4D90-BCFA-12484DAF8A85}"
EndProject
Project("{9A19103F-16F7-4668-BE54-9A1E7A4F7556}") = "EShop.Identity.Tests", "Identity\tests\EShop.Identity.Tests\EShop.Identity.Tests.csproj", "{CAF55E52-A2D9-4174-90D9-BE7A157031E0}"
EndProject
Project("{9A19103F-16F7-4668-BE54-9A1E7A4F7556}") = "EShop.Testing.JsonApiApplication", "Testing\src\EShop.Testing.JsonApiApplication\EShop.Testing.JsonApiApplication.csproj", "{340F0CA0-F88F-4E71-8818-10473DBD99F0}"
EndProject
Project("{9A19103F-16F7-4668-BE54-9A1E7A4F7556}") = "EShop.Identity.Presentation", "Identity\src\EShop.Identity.Presentation\EShop.Identity.Presentation.csproj", "{2CF4D487-2272-4BCF-ABAB-B238BACC3DAD}"
EndProject
Project("{9A19103F-16F7-4668-BE54-9A1E7A4F7556}") = "EShop.Shared.DomainTools", "Shared\src\EShop.Shared.DomainTools\EShop.Shared.DomainTools.csproj", "{5A7151EF-8153-4AD4-92DE-E8AD6434E37C}"
EndProject
Project("{2150E333-8FDC-42A3-9474-1A3956D46DE8}") = "Tenancy", "Tenancy", "{6A519511-12E4-4E57-822C-4F4FDBF28449}"
EndProject
Project("{2150E333-8FDC-42A3-9474-1A3956D46DE8}") = "src", "src", "{9542A4A4-93A2-4312-A8DF-847686EFBF7E}"
EndProject
Project("{2150E333-8FDC-42A3-9474-1A3956D46DE8}") = "tests", "tests", "{8BBFDBAB-6497-4B10-A539-A17ACA855A86}"
EndProject
Project("{9A19103F-16F7-4668-BE54-9A1E7A4F7556}") = "EShop.Tenancy.Domain", "Tenancy\src\EShop.Tenancy.Domain\EShop.Tenancy.Domain.csproj", "{D967E296-16A1-4770-835B-D572829034E1}"
EndProject
Project("{9A19103F-16F7-4668-BE54-9A1E7A4F7556}") = "EShop.Tenancy.Application", "Tenancy\src\EShop.Tenancy.Application\EShop.Tenancy.Application.csproj", "{96401F3D-83E2-4EC7-B0F1-78D1A1065EE5}"
EndProject
Project("{9A19103F-16F7-4668-BE54-9A1E7A4F7556}") = "EShop.Tenancy.Persistence", "Tenancy\src\EShop.Tenancy.Persistence\EShop.Tenancy.Persistence.csproj", "{F2787403-B70D-4EFF-989F-F4788A5798D3}"
EndProject
Project("{9A19103F-16F7-4668-BE54-9A1E7A4F7556}") = "EShop.Tenancy.Infrastructure", "Tenancy\src\EShop.Tenancy.Infrastructure\EShop.Tenancy.Infrastructure.csproj", "{EF3BFD27-5A31-44B0-8AB4-82EFAF799442}"
EndProject
Project("{9A19103F-16F7-4668-BE54-9A1E7A4F7556}") = "EShop.Tenancy.Presentation", "Tenancy\src\EShop.Tenancy.Presentation\EShop.Tenancy.Presentation.csproj", "{EB8FBB79-2784-46ED-AEAA-C5D9E6143E56}"
EndProject
Project("{9A19103F-16F7-4668-BE54-9A1E7A4F7556}") = "EShop.Tenancy.API", "Tenancy\src\EShop.Tenancy.API\EShop.Tenancy.API.csproj", "{F5E4F8C1-EF38-4E69-A8C1-E5B9E4560CF0}"
EndProject
Project("{9A19103F-16F7-4668-BE54-9A1E7A4F7556}") = "ApiGateway", "ReverseProxy\src\ApiGateway\ApiGateway.csproj", "{C8E744F6-2CF3-41A2-AAA6-8649362A64DC}"
EndProject
Project("{9A19103F-16F7-4668-BE54-9A1E7A4F7556}") = "EShop.Shared.HealthChecks", "Shared\src\EShop.Shared.HealthChecks\EShop.Shared.HealthChecks.csproj", "{47254B1A-F2BC-4CCE-8502-EA4B59270598}"
EndProject
Project("{FAE04EC0-301F-11D3-BF4B-00C04F79EFBC}") = "EShop.Shared.EventBus", "Shared\src\EShop.Shared.EventBus\EShop.Shared.EventBus.csproj", "{AE4051D3-07A5-4A8B-A1F5-16D4DAE6AB64}"
EndProject
Project("{2150E333-8FDC-42A3-9474-1A3956D46DE8}") = "Configuration", "Configuration", "{02EA681E-C7D8-13C7-8484-4AC65E1B71E8}"
EndProject
Project("{2150E333-8FDC-42A3-9474-1A3956D46DE8}") = "src", "src", "{643EF2B4-B456-4FDF-BAED-6EECDC8DBB68}"
EndProject
Project("{2150E333-8FDC-42A3-9474-1A3956D46DE8}") = "test", "test", "{681CE21C-D1F6-4C64-A943-6299EBE4A4AB}"
EndProject
Project("{FAE04EC0-301F-11D3-BF4B-00C04F79EFBC}") = "EShop.Configuration.Application", "Configuration\src\EShop.Configuration.Application\EShop.Configuration.Application.csproj", "{7BC9939C-4FC5-4004-B71C-F01B0061585E}"
EndProject
Project("{FAE04EC0-301F-11D3-BF4B-00C04F79EFBC}") = "EShop.Configuration.IntegrationEvent", "Configuration\src\EShop.Configuration.IntegrationEvent\EShop.Configuration.IntegrationEvent.csproj", "{EAEB468B-776B-4646-9AA7-696F8F29B410}"
EndProject
Project("{FAE04EC0-301F-11D3-BF4B-00C04F79EFBC}") = "EShop.Shared.Sequences", "Shared\src\EShop.Shared.Sequences\EShop.Shared.Sequences.csproj", "{69A3524F-E95A-43FD-ABEA-3BA8753B7C63}"
EndProject
Project("{FAE04EC0-301F-11D3-BF4B-00C04F79EFBC}") = "EShop.Shared.ProductGenerator", "Shared\src\EShop.Shared.ProductGenerator\EShop.Shared.ProductGenerator.csproj", "{D91BF331-15E9-440B-8642-59358200D8CF}"
EndProject
Project("{FAE04EC0-301F-11D3-BF4B-00C04F79EFBC}") = "EShop.Shared.CQRS", "Shared\src\EShop.Shared.CQRS\EShop.Shared.CQRS.csproj", "{9122D131-B234-4C13-89AC-F6237C344266}"
EndProject
Project("{FAE04EC0-301F-11D3-BF4B-00C04F79EFBC}") = "EShop.Shared.CQRS.Tests", "Shared\test\EShop.Shared.CQRS.Tests\EShop.Shared.CQRS.Tests.csproj", "{D29455B9-B8BC-483C-B92B-EDF9799D1E4C}"
EndProject
Project("{FAE04EC0-301F-11D3-BF4B-00C04F79EFBC}") = "EShop.Configuration.Tests", "Configuration\test\EShop.Configuration.Tests\EShop.Configuration.Tests.csproj", "{1CD92870-8A3A-4798-A09F-364AA4BE4B4B}"
EndProject
Project("{2150E333-8FDC-42A3-9474-1A3956D46DE8}") = "Catalog", "Catalog", "{50761A8C-3A0B-6B1B-86AD-17AC9E1B806D}"
EndProject
Project("{2150E333-8FDC-42A3-9474-1A3956D46DE8}") = "src", "src", "{D0916B7D-F7B6-7D7C-08CD-3AA4546D8309}"
EndProject
Project("{2150E333-8FDC-42A3-9474-1A3956D46DE8}") = "deployment", "deployment", "{3E3A6D71-9D7F-BBE9-9F41-0D1E8D08A99D}"
EndProject
Project("{FAE04EC0-301F-11D3-BF4B-00C04F79EFBC}") = "EShop.Catalog.Application", "Catalog\src\EShop.Catalog.Application\EShop.Catalog.Application.csproj", "{9139D58E-2A3C-4865-8E8E-D5D2C03E7826}"
EndProject
Project("{2150E333-8FDC-42A3-9474-1A3956D46DE8}") = "tests", "tests", "{53585997-BAD8-123F-4C15-056B52BC11E2}"
EndProject
Project("{FAE04EC0-301F-11D3-BF4B-00C04F79EFBC}") = "EShop.Catalog.Tests", "Catalog\tests\EShop.Catalog.Tests\EShop.Catalog.Tests.csproj", "{539C8A5B-E596-4DEE-9E7F-FBEB041F72CC}"
EndProject
Global
	GlobalSection(SolutionConfigurationPlatforms) = preSolution
		Debug|Any CPU = Debug|Any CPU
		Release|Any CPU = Release|Any CPU
	EndGlobalSection
	GlobalSection(ProjectConfigurationPlatforms) = postSolution
		{C86F7CEB-5E27-4B67-BAF9-934B07338398}.Debug|Any CPU.ActiveCfg = Debug|Any CPU
		{C86F7CEB-5E27-4B67-BAF9-934B07338398}.Debug|Any CPU.Build.0 = Debug|Any CPU
		{C86F7CEB-5E27-4B67-BAF9-934B07338398}.Release|Any CPU.ActiveCfg = Release|Any CPU
		{C86F7CEB-5E27-4B67-BAF9-934B07338398}.Release|Any CPU.Build.0 = Release|Any CPU
		{00692ABB-CB59-4E4B-A40B-7EA92AFD21A9}.Debug|Any CPU.ActiveCfg = Debug|Any CPU
		{00692ABB-CB59-4E4B-A40B-7EA92AFD21A9}.Debug|Any CPU.Build.0 = Debug|Any CPU
		{00692ABB-CB59-4E4B-A40B-7EA92AFD21A9}.Release|Any CPU.ActiveCfg = Release|Any CPU
		{00692ABB-CB59-4E4B-A40B-7EA92AFD21A9}.Release|Any CPU.Build.0 = Release|Any CPU
		{F152D96A-63F2-418F-AB6C-13AA78EEB8E2}.Debug|Any CPU.ActiveCfg = Debug|Any CPU
		{F152D96A-63F2-418F-AB6C-13AA78EEB8E2}.Debug|Any CPU.Build.0 = Debug|Any CPU
		{F152D96A-63F2-418F-AB6C-13AA78EEB8E2}.Release|Any CPU.ActiveCfg = Release|Any CPU
		{F152D96A-63F2-418F-AB6C-13AA78EEB8E2}.Release|Any CPU.Build.0 = Release|Any CPU
		{984ADEF2-E460-427F-85D6-AC2CA90617DD}.Debug|Any CPU.ActiveCfg = Debug|Any CPU
		{984ADEF2-E460-427F-85D6-AC2CA90617DD}.Debug|Any CPU.Build.0 = Debug|Any CPU
		{984ADEF2-E460-427F-85D6-AC2CA90617DD}.Release|Any CPU.ActiveCfg = Release|Any CPU
		{984ADEF2-E460-427F-85D6-AC2CA90617DD}.Release|Any CPU.Build.0 = Release|Any CPU
		{30EE48B7-63CF-4A2E-9D2E-D6B9C1AAE809}.Debug|Any CPU.ActiveCfg = Debug|Any CPU
		{30EE48B7-63CF-4A2E-9D2E-D6B9C1AAE809}.Debug|Any CPU.Build.0 = Debug|Any CPU
		{30EE48B7-63CF-4A2E-9D2E-D6B9C1AAE809}.Release|Any CPU.ActiveCfg = Release|Any CPU
		{30EE48B7-63CF-4A2E-9D2E-D6B9C1AAE809}.Release|Any CPU.Build.0 = Release|Any CPU
		{853248B6-51ED-4C21-8C60-32A0BE2A8547}.Debug|Any CPU.ActiveCfg = Debug|Any CPU
		{853248B6-51ED-4C21-8C60-32A0BE2A8547}.Debug|Any CPU.Build.0 = Debug|Any CPU
		{853248B6-51ED-4C21-8C60-32A0BE2A8547}.Release|Any CPU.ActiveCfg = Release|Any CPU
		{853248B6-51ED-4C21-8C60-32A0BE2A8547}.Release|Any CPU.Build.0 = Release|Any CPU
		{FA58719E-13CD-4743-AB33-00B50EF0AE88}.Debug|Any CPU.ActiveCfg = Debug|Any CPU
		{FA58719E-13CD-4743-AB33-00B50EF0AE88}.Debug|Any CPU.Build.0 = Debug|Any CPU
		{FA58719E-13CD-4743-AB33-00B50EF0AE88}.Release|Any CPU.ActiveCfg = Release|Any CPU
		{FA58719E-13CD-4743-AB33-00B50EF0AE88}.Release|Any CPU.Build.0 = Release|Any CPU
		{E7CA7DC8-33E8-4297-96FA-5BE35F429157}.Debug|Any CPU.ActiveCfg = Debug|Any CPU
		{E7CA7DC8-33E8-4297-96FA-5BE35F429157}.Debug|Any CPU.Build.0 = Debug|Any CPU
		{E7CA7DC8-33E8-4297-96FA-5BE35F429157}.Release|Any CPU.ActiveCfg = Release|Any CPU
		{E7CA7DC8-33E8-4297-96FA-5BE35F429157}.Release|Any CPU.Build.0 = Release|Any CPU
		{71565DCA-80D8-406E-8002-5DF710858015}.Debug|Any CPU.ActiveCfg = Debug|Any CPU
		{71565DCA-80D8-406E-8002-5DF710858015}.Debug|Any CPU.Build.0 = Debug|Any CPU
		{71565DCA-80D8-406E-8002-5DF710858015}.Release|Any CPU.ActiveCfg = Release|Any CPU
		{71565DCA-80D8-406E-8002-5DF710858015}.Release|Any CPU.Build.0 = Release|Any CPU
		{F7472776-89AF-480D-B7DF-D820B1C5FC96}.Debug|Any CPU.ActiveCfg = Debug|Any CPU
		{F7472776-89AF-480D-B7DF-D820B1C5FC96}.Debug|Any CPU.Build.0 = Debug|Any CPU
		{F7472776-89AF-480D-B7DF-D820B1C5FC96}.Release|Any CPU.ActiveCfg = Release|Any CPU
		{F7472776-89AF-480D-B7DF-D820B1C5FC96}.Release|Any CPU.Build.0 = Release|Any CPU
		{69CA6CF8-9D98-489E-AB72-2BCD3631C36E}.Debug|Any CPU.ActiveCfg = Debug|Any CPU
		{69CA6CF8-9D98-489E-AB72-2BCD3631C36E}.Debug|Any CPU.Build.0 = Debug|Any CPU
		{69CA6CF8-9D98-489E-AB72-2BCD3631C36E}.Release|Any CPU.ActiveCfg = Release|Any CPU
		{69CA6CF8-9D98-489E-AB72-2BCD3631C36E}.Release|Any CPU.Build.0 = Release|Any CPU
		{8B702549-4DF6-4D90-BCFA-12484DAF8A85}.Debug|Any CPU.ActiveCfg = Debug|Any CPU
		{8B702549-4DF6-4D90-BCFA-12484DAF8A85}.Debug|Any CPU.Build.0 = Debug|Any CPU
		{8B702549-4DF6-4D90-BCFA-12484DAF8A85}.Release|Any CPU.ActiveCfg = Release|Any CPU
		{8B702549-4DF6-4D90-BCFA-12484DAF8A85}.Release|Any CPU.Build.0 = Release|Any CPU
		{CAF55E52-A2D9-4174-90D9-BE7A157031E0}.Debug|Any CPU.ActiveCfg = Debug|Any CPU
		{CAF55E52-A2D9-4174-90D9-BE7A157031E0}.Debug|Any CPU.Build.0 = Debug|Any CPU
		{CAF55E52-A2D9-4174-90D9-BE7A157031E0}.Release|Any CPU.ActiveCfg = Release|Any CPU
		{CAF55E52-A2D9-4174-90D9-BE7A157031E0}.Release|Any CPU.Build.0 = Release|Any CPU
		{340F0CA0-F88F-4E71-8818-10473DBD99F0}.Debug|Any CPU.ActiveCfg = Debug|Any CPU
		{340F0CA0-F88F-4E71-8818-10473DBD99F0}.Debug|Any CPU.Build.0 = Debug|Any CPU
		{340F0CA0-F88F-4E71-8818-10473DBD99F0}.Release|Any CPU.ActiveCfg = Release|Any CPU
		{340F0CA0-F88F-4E71-8818-10473DBD99F0}.Release|Any CPU.Build.0 = Release|Any CPU
		{2CF4D487-2272-4BCF-ABAB-B238BACC3DAD}.Debug|Any CPU.ActiveCfg = Debug|Any CPU
		{2CF4D487-2272-4BCF-ABAB-B238BACC3DAD}.Debug|Any CPU.Build.0 = Debug|Any CPU
		{2CF4D487-2272-4BCF-ABAB-B238BACC3DAD}.Release|Any CPU.ActiveCfg = Release|Any CPU
		{2CF4D487-2272-4BCF-ABAB-B238BACC3DAD}.Release|Any CPU.Build.0 = Release|Any CPU
		{5A7151EF-8153-4AD4-92DE-E8AD6434E37C}.Debug|Any CPU.ActiveCfg = Debug|Any CPU
		{5A7151EF-8153-4AD4-92DE-E8AD6434E37C}.Debug|Any CPU.Build.0 = Debug|Any CPU
		{5A7151EF-8153-4AD4-92DE-E8AD6434E37C}.Release|Any CPU.ActiveCfg = Release|Any CPU
		{5A7151EF-8153-4AD4-92DE-E8AD6434E37C}.Release|Any CPU.Build.0 = Release|Any CPU
		{D967E296-16A1-4770-835B-D572829034E1}.Debug|Any CPU.ActiveCfg = Debug|Any CPU
		{D967E296-16A1-4770-835B-D572829034E1}.Debug|Any CPU.Build.0 = Debug|Any CPU
		{D967E296-16A1-4770-835B-D572829034E1}.Release|Any CPU.ActiveCfg = Release|Any CPU
		{D967E296-16A1-4770-835B-D572829034E1}.Release|Any CPU.Build.0 = Release|Any CPU
		{96401F3D-83E2-4EC7-B0F1-78D1A1065EE5}.Debug|Any CPU.ActiveCfg = Debug|Any CPU
		{96401F3D-83E2-4EC7-B0F1-78D1A1065EE5}.Debug|Any CPU.Build.0 = Debug|Any CPU
		{96401F3D-83E2-4EC7-B0F1-78D1A1065EE5}.Release|Any CPU.ActiveCfg = Release|Any CPU
		{96401F3D-83E2-4EC7-B0F1-78D1A1065EE5}.Release|Any CPU.Build.0 = Release|Any CPU
		{F2787403-B70D-4EFF-989F-F4788A5798D3}.Debug|Any CPU.ActiveCfg = Debug|Any CPU
		{F2787403-B70D-4EFF-989F-F4788A5798D3}.Debug|Any CPU.Build.0 = Debug|Any CPU
		{F2787403-B70D-4EFF-989F-F4788A5798D3}.Release|Any CPU.ActiveCfg = Release|Any CPU
		{F2787403-B70D-4EFF-989F-F4788A5798D3}.Release|Any CPU.Build.0 = Release|Any CPU
		{EF3BFD27-5A31-44B0-8AB4-82EFAF799442}.Debug|Any CPU.ActiveCfg = Debug|Any CPU
		{EF3BFD27-5A31-44B0-8AB4-82EFAF799442}.Debug|Any CPU.Build.0 = Debug|Any CPU
		{EF3BFD27-5A31-44B0-8AB4-82EFAF799442}.Release|Any CPU.ActiveCfg = Release|Any CPU
		{EF3BFD27-5A31-44B0-8AB4-82EFAF799442}.Release|Any CPU.Build.0 = Release|Any CPU
		{EB8FBB79-2784-46ED-AEAA-C5D9E6143E56}.Debug|Any CPU.ActiveCfg = Debug|Any CPU
		{EB8FBB79-2784-46ED-AEAA-C5D9E6143E56}.Debug|Any CPU.Build.0 = Debug|Any CPU
		{EB8FBB79-2784-46ED-AEAA-C5D9E6143E56}.Release|Any CPU.ActiveCfg = Release|Any CPU
		{EB8FBB79-2784-46ED-AEAA-C5D9E6143E56}.Release|Any CPU.Build.0 = Release|Any CPU
		{F5E4F8C1-EF38-4E69-A8C1-E5B9E4560CF0}.Debug|Any CPU.ActiveCfg = Debug|Any CPU
		{F5E4F8C1-EF38-4E69-A8C1-E5B9E4560CF0}.Debug|Any CPU.Build.0 = Debug|Any CPU
		{F5E4F8C1-EF38-4E69-A8C1-E5B9E4560CF0}.Release|Any CPU.ActiveCfg = Release|Any CPU
		{F5E4F8C1-EF38-4E69-A8C1-E5B9E4560CF0}.Release|Any CPU.Build.0 = Release|Any CPU
		{C8E744F6-2CF3-41A2-AAA6-8649362A64DC}.Debug|Any CPU.ActiveCfg = Debug|Any CPU
		{C8E744F6-2CF3-41A2-AAA6-8649362A64DC}.Debug|Any CPU.Build.0 = Debug|Any CPU
		{C8E744F6-2CF3-41A2-AAA6-8649362A64DC}.Release|Any CPU.ActiveCfg = Release|Any CPU
		{C8E744F6-2CF3-41A2-AAA6-8649362A64DC}.Release|Any CPU.Build.0 = Release|Any CPU
		{47254B1A-F2BC-4CCE-8502-EA4B59270598}.Debug|Any CPU.ActiveCfg = Debug|Any CPU
		{47254B1A-F2BC-4CCE-8502-EA4B59270598}.Debug|Any CPU.Build.0 = Debug|Any CPU
		{47254B1A-F2BC-4CCE-8502-EA4B59270598}.Release|Any CPU.ActiveCfg = Release|Any CPU
		{47254B1A-F2BC-4CCE-8502-EA4B59270598}.Release|Any CPU.Build.0 = Release|Any CPU
		{AE4051D3-07A5-4A8B-A1F5-16D4DAE6AB64}.Debug|Any CPU.ActiveCfg = Debug|Any CPU
		{AE4051D3-07A5-4A8B-A1F5-16D4DAE6AB64}.Debug|Any CPU.Build.0 = Debug|Any CPU
		{AE4051D3-07A5-4A8B-A1F5-16D4DAE6AB64}.Release|Any CPU.ActiveCfg = Release|Any CPU
		{AE4051D3-07A5-4A8B-A1F5-16D4DAE6AB64}.Release|Any CPU.Build.0 = Release|Any CPU
		{7BC9939C-4FC5-4004-B71C-F01B0061585E}.Debug|Any CPU.ActiveCfg = Debug|Any CPU
		{7BC9939C-4FC5-4004-B71C-F01B0061585E}.Debug|Any CPU.Build.0 = Debug|Any CPU
		{7BC9939C-4FC5-4004-B71C-F01B0061585E}.Release|Any CPU.ActiveCfg = Release|Any CPU
		{7BC9939C-4FC5-4004-B71C-F01B0061585E}.Release|Any CPU.Build.0 = Release|Any CPU
		{EAEB468B-776B-4646-9AA7-696F8F29B410}.Debug|Any CPU.ActiveCfg = Debug|Any CPU
		{EAEB468B-776B-4646-9AA7-696F8F29B410}.Debug|Any CPU.Build.0 = Debug|Any CPU
		{EAEB468B-776B-4646-9AA7-696F8F29B410}.Release|Any CPU.ActiveCfg = Release|Any CPU
		{EAEB468B-776B-4646-9AA7-696F8F29B410}.Release|Any CPU.Build.0 = Release|Any CPU
		{69A3524F-E95A-43FD-ABEA-3BA8753B7C63}.Debug|Any CPU.ActiveCfg = Debug|Any CPU
		{69A3524F-E95A-43FD-ABEA-3BA8753B7C63}.Debug|Any CPU.Build.0 = Debug|Any CPU
		{69A3524F-E95A-43FD-ABEA-3BA8753B7C63}.Release|Any CPU.ActiveCfg = Release|Any CPU
		{69A3524F-E95A-43FD-ABEA-3BA8753B7C63}.Release|Any CPU.Build.0 = Release|Any CPU
		{D91BF331-15E9-440B-8642-59358200D8CF}.Debug|Any CPU.ActiveCfg = Debug|Any CPU
		{D91BF331-15E9-440B-8642-59358200D8CF}.Debug|Any CPU.Build.0 = Debug|Any CPU
		{D91BF331-15E9-440B-8642-59358200D8CF}.Release|Any CPU.ActiveCfg = Release|Any CPU
		{D91BF331-15E9-440B-8642-59358200D8CF}.Release|Any CPU.Build.0 = Release|Any CPU
		{9122D131-B234-4C13-89AC-F6237C344266}.Debug|Any CPU.ActiveCfg = Debug|Any CPU
		{9122D131-B234-4C13-89AC-F6237C344266}.Debug|Any CPU.Build.0 = Debug|Any CPU
		{9122D131-B234-4C13-89AC-F6237C344266}.Release|Any CPU.ActiveCfg = Release|Any CPU
		{9122D131-B234-4C13-89AC-F6237C344266}.Release|Any CPU.Build.0 = Release|Any CPU
		{D29455B9-B8BC-483C-B92B-EDF9799D1E4C}.Debug|Any CPU.ActiveCfg = Debug|Any CPU
		{D29455B9-B8BC-483C-B92B-EDF9799D1E4C}.Debug|Any CPU.Build.0 = Debug|Any CPU
		{D29455B9-B8BC-483C-B92B-EDF9799D1E4C}.Release|Any CPU.ActiveCfg = Release|Any CPU
		{D29455B9-B8BC-483C-B92B-EDF9799D1E4C}.Release|Any CPU.Build.0 = Release|Any CPU
		{1CD92870-8A3A-4798-A09F-364AA4BE4B4B}.Debug|Any CPU.ActiveCfg = Debug|Any CPU
		{1CD92870-8A3A-4798-A09F-364AA4BE4B4B}.Debug|Any CPU.Build.0 = Debug|Any CPU
		{1CD92870-8A3A-4798-A09F-364AA4BE4B4B}.Release|Any CPU.ActiveCfg = Release|Any CPU
		{1CD92870-8A3A-4798-A09F-364AA4BE4B4B}.Release|Any CPU.Build.0 = Release|Any CPU
		{9139D58E-2A3C-4865-8E8E-D5D2C03E7826}.Debug|Any CPU.ActiveCfg = Debug|Any CPU
		{9139D58E-2A3C-4865-8E8E-D5D2C03E7826}.Debug|Any CPU.Build.0 = Debug|Any CPU
		{9139D58E-2A3C-4865-8E8E-D5D2C03E7826}.Release|Any CPU.ActiveCfg = Release|Any CPU
		{9139D58E-2A3C-4865-8E8E-D5D2C03E7826}.Release|Any CPU.Build.0 = Release|Any CPU
		{539C8A5B-E596-4DEE-9E7F-FBEB041F72CC}.Debug|Any CPU.ActiveCfg = Debug|Any CPU
		{539C8A5B-E596-4DEE-9E7F-FBEB041F72CC}.Debug|Any CPU.Build.0 = Debug|Any CPU
		{539C8A5B-E596-4DEE-9E7F-FBEB041F72CC}.Release|Any CPU.ActiveCfg = Release|Any CPU
		{539C8A5B-E596-4DEE-9E7F-FBEB041F72CC}.Release|Any CPU.Build.0 = Release|Any CPU
	EndGlobalSection
	GlobalSection(SolutionProperties) = preSolution
		HideSolutionNode = FALSE
	EndGlobalSection
	GlobalSection(NestedProjects) = preSolution
		{DF247757-C88D-4BD6-9946-FDEAC84BF886} = {DDA5240E-D98D-46C2-A5F1-2A2E500F36D6}
		{26BEF187-867C-4E77-B816-1E8C4F72A414} = {DDA5240E-D98D-46C2-A5F1-2A2E500F36D6}
		{15DCCDF8-690A-4E9E-A8CD-AEDF2A2E0C6A} = {8769BF17-9FEC-492C-94E6-E906EA96C6E9}
		{C86F7CEB-5E27-4B67-BAF9-934B07338398} = {15DCCDF8-690A-4E9E-A8CD-AEDF2A2E0C6A}
		{00692ABB-CB59-4E4B-A40B-7EA92AFD21A9} = {DF247757-C88D-4BD6-9946-FDEAC84BF886}
		{F152D96A-63F2-418F-AB6C-13AA78EEB8E2} = {DF247757-C88D-4BD6-9946-FDEAC84BF886}
		{EC3BE313-F5F4-48E6-B4E7-A01F33861EED} = {CE392D0A-4F87-4820-A28B-981421F08C35}
		{415EEC7E-EE06-440E-BA34-3291435A7585} = {CE392D0A-4F87-4820-A28B-981421F08C35}
		{60184982-32FB-4E5F-8923-8E7B618B5F26} = {B467923D-24CB-4A64-A21F-03F8B2384822}
		{EF8AB2FA-B259-423A-B24A-DC8E7ECA5970} = {B467923D-24CB-4A64-A21F-03F8B2384822}
		{984ADEF2-E460-427F-85D6-AC2CA90617DD} = {60184982-32FB-4E5F-8923-8E7B618B5F26}
		{30EE48B7-63CF-4A2E-9D2E-D6B9C1AAE809} = {60184982-32FB-4E5F-8923-8E7B618B5F26}
		{853248B6-51ED-4C21-8C60-32A0BE2A8547} = {60184982-32FB-4E5F-8923-8E7B618B5F26}
		{FA58719E-13CD-4743-AB33-00B50EF0AE88} = {60184982-32FB-4E5F-8923-8E7B618B5F26}
		{E7CA7DC8-33E8-4297-96FA-5BE35F429157} = {60184982-32FB-4E5F-8923-8E7B618B5F26}
		{71565DCA-80D8-406E-8002-5DF710858015} = {DF247757-C88D-4BD6-9946-FDEAC84BF886}
		{F7472776-89AF-480D-B7DF-D820B1C5FC96} = {DF247757-C88D-4BD6-9946-FDEAC84BF886}
		{69CA6CF8-9D98-489E-AB72-2BCD3631C36E} = {DF247757-C88D-4BD6-9946-FDEAC84BF886}
		{8B702549-4DF6-4D90-BCFA-12484DAF8A85} = {DF247757-C88D-4BD6-9946-FDEAC84BF886}
		{CAF55E52-A2D9-4174-90D9-BE7A157031E0} = {EF8AB2FA-B259-423A-B24A-DC8E7ECA5970}
		{340F0CA0-F88F-4E71-8818-10473DBD99F0} = {15DCCDF8-690A-4E9E-A8CD-AEDF2A2E0C6A}
		{2CF4D487-2272-4BCF-ABAB-B238BACC3DAD} = {60184982-32FB-4E5F-8923-8E7B618B5F26}
		{5A7151EF-8153-4AD4-92DE-E8AD6434E37C} = {DF247757-C88D-4BD6-9946-FDEAC84BF886}
		{9542A4A4-93A2-4312-A8DF-847686EFBF7E} = {6A519511-12E4-4E57-822C-4F4FDBF28449}
		{8BBFDBAB-6497-4B10-A539-A17ACA855A86} = {6A519511-12E4-4E57-822C-4F4FDBF28449}
		{D967E296-16A1-4770-835B-D572829034E1} = {9542A4A4-93A2-4312-A8DF-847686EFBF7E}
		{96401F3D-83E2-4EC7-B0F1-78D1A1065EE5} = {9542A4A4-93A2-4312-A8DF-847686EFBF7E}
		{F2787403-B70D-4EFF-989F-F4788A5798D3} = {9542A4A4-93A2-4312-A8DF-847686EFBF7E}
		{EF3BFD27-5A31-44B0-8AB4-82EFAF799442} = {9542A4A4-93A2-4312-A8DF-847686EFBF7E}
		{EB8FBB79-2784-46ED-AEAA-C5D9E6143E56} = {9542A4A4-93A2-4312-A8DF-847686EFBF7E}
		{F5E4F8C1-EF38-4E69-A8C1-E5B9E4560CF0} = {9542A4A4-93A2-4312-A8DF-847686EFBF7E}
		{C8E744F6-2CF3-41A2-AAA6-8649362A64DC} = {EC3BE313-F5F4-48E6-B4E7-A01F33861EED}
		{47254B1A-F2BC-4CCE-8502-EA4B59270598} = {DF247757-C88D-4BD6-9946-FDEAC84BF886}
		{AE4051D3-07A5-4A8B-A1F5-16D4DAE6AB64} = {DF247757-C88D-4BD6-9946-FDEAC84BF886}
		{643EF2B4-B456-4FDF-BAED-6EECDC8DBB68} = {02EA681E-C7D8-13C7-8484-4AC65E1B71E8}
		{681CE21C-D1F6-4C64-A943-6299EBE4A4AB} = {02EA681E-C7D8-13C7-8484-4AC65E1B71E8}
		{7BC9939C-4FC5-4004-B71C-F01B0061585E} = {643EF2B4-B456-4FDF-BAED-6EECDC8DBB68}
		{EAEB468B-776B-4646-9AA7-696F8F29B410} = {643EF2B4-B456-4FDF-BAED-6EECDC8DBB68}
		{69A3524F-E95A-43FD-ABEA-3BA8753B7C63} = {DF247757-C88D-4BD6-9946-FDEAC84BF886}
		{D91BF331-15E9-440B-8642-59358200D8CF} = {DF247757-C88D-4BD6-9946-FDEAC84BF886}
		{9122D131-B234-4C13-89AC-F6237C344266} = {DF247757-C88D-4BD6-9946-FDEAC84BF886}
		{D29455B9-B8BC-483C-B92B-EDF9799D1E4C} = {26BEF187-867C-4E77-B816-1E8C4F72A414}
		{1CD92870-8A3A-4798-A09F-364AA4BE4B4B} = {681CE21C-D1F6-4C64-A943-6299EBE4A4AB}
		{D0916B7D-F7B6-7D7C-08CD-3AA4546D8309} = {50761A8C-3A0B-6B1B-86AD-17AC9E1B806D}
		{3E3A6D71-9D7F-BBE9-9F41-0D1E8D08A99D} = {50761A8C-3A0B-6B1B-86AD-17AC9E1B806D}
		{9139D58E-2A3C-4865-8E8E-D5D2C03E7826} = {D0916B7D-F7B6-7D7C-08CD-3AA4546D8309}
		{53585997-BAD8-123F-4C15-056B52BC11E2} = {50761A8C-3A0B-6B1B-86AD-17AC9E1B806D}
		{539C8A5B-E596-4DEE-9E7F-FBEB041F72CC} = {53585997-BAD8-123F-4C15-056B52BC11E2}
	EndGlobalSection
	GlobalSection(ExtensibilityGlobals) = postSolution
		SolutionGuid = {BB890EFB-EE36-4A0E-A948-F28A53D375E6}
	EndGlobalSection
EndGlobal
